
Microsoft Visual Studio Solution File, Format Version 12.00
# Visual Studio 15
VisualStudioVersion = 15.0.27703.2018
MinimumVisualStudioVersion = 10.0.40219.1
Project("{FAE04EC0-301F-11D3-BF4B-00C04F79EFBC}") = "AuthenticationServer", "AuthenticationServer\AuthenticationServer.csproj", "{F25A0A49-5D63-468F-B789-57738264A153}"
EndProject
Global
	GlobalSection(SolutionConfigurationPlatforms) = preSolution
		Debug|Any CPU = Debug|Any CPU
		Release|Any CPU = Release|Any CPU
	EndGlobalSection
	GlobalSection(ProjectConfigurationPlatforms) = postSolution
		{F25A0A49-5D63-468F-B789-57738264A153}.Debug|Any CPU.ActiveCfg = Debug|Any CPU
		{F25A0A49-5D63-468F-B789-57738264A153}.Debug|Any CPU.Build.0 = Debug|Any CPU
		{F25A0A49-5D63-468F-B789-57738264A153}.Release|Any CPU.ActiveCfg = Release|Any CPU
		{F25A0A49-5D63-468F-B789-57738264A153}.Release|Any CPU.Build.0 = Release|Any CPU
	EndGlobalSection
	GlobalSection(SolutionProperties) = preSolution
		HideSolutionNode = FALSE
	EndGlobalSection
	GlobalSection(ExtensibilityGlobals) = postSolution
		SolutionGuid = {98B68D58-1341-4544-B77F-1BF4D34EF554}
	EndGlobalSection
EndGlobal
